
Microsoft Visual Studio Solution File, Format Version 12.00
# Visual Studio Version 17
VisualStudioVersion = 17.0.31903.59
MinimumVisualStudioVersion = 10.0.40219.1
Project("{2150E333-8FDC-42A3-9474-1A3956D46DE8}") = "src", "src", "{31FB4B75-E0CB-42AB-84D9-3EF2FB38A9AE}"
EndProject
Project("{2150E333-8FDC-42A3-9474-1A3956D46DE8}") = "dev", "dev", "{BDDA5256-3631-41B4-83D8-400082D76CA4}"
EndProject
Project("{2150E333-8FDC-42A3-9474-1A3956D46DE8}") = "Core", "Core", "{F1933A58-6710-4CCF-958E-0C93465093DE}"
EndProject
Project("{9A19103F-16F7-4668-BE54-9A1E7A4F7556}") = "EastSeat.ResourceIdea.Application", "src\dev\Core\EastSeat.ResourceIdea.Application\EastSeat.ResourceIdea.Application.csproj", "{A108CA08-BE86-4725-A062-F35AEFAD1ED0}"
EndProject
Project("{9A19103F-16F7-4668-BE54-9A1E7A4F7556}") = "EastSeat.ResourceIdea.Domain", "src\dev\Core\EastSeat.ResourceIdea.Domain\EastSeat.ResourceIdea.Domain.csproj", "{1428C4AE-A4F3-436E-8560-AB1173CA743E}"
EndProject
Project("{2150E333-8FDC-42A3-9474-1A3956D46DE8}") = "tests", "tests", "{31A313E8-C7C5-4526-A62B-93E49A8E117F}"
EndProject
Project("{9A19103F-16F7-4668-BE54-9A1E7A4F7556}") = "EastSeat.ResourceIdea.Domain.UnitTests", "src\tests\EastSeat.ResourceIdea.Domain.UnitTests\EastSeat.ResourceIdea.Domain.UnitTests.csproj", "{39407174-7053-4E55-A462-D32AB67878C8}"
EndProject
Project("{2150E333-8FDC-42A3-9474-1A3956D46DE8}") = "Infrastructure", "Infrastructure", "{09639DF0-7E5B-4975-9160-D5C9B67E090E}"
EndProject
Project("{9A19103F-16F7-4668-BE54-9A1E7A4F7556}") = "EastSeat.ResourceIdea.DataStore", "src\dev\Infrastructure\EastSeat.ResourceIdea.DataStore\EastSeat.ResourceIdea.DataStore.csproj", "{AB91B3C8-8823-4E69-ADBA-833C1008BBA6}"
EndProject
Project("{2150E333-8FDC-42A3-9474-1A3956D46DE8}") = "Web", "Web", "{815958C9-111B-4D2E-8BC1-A39EF3FD4A81}"
EndProject
Project("{9A19103F-16F7-4668-BE54-9A1E7A4F7556}") = "EastSeat.ResourceIdea.Web", "src\dev\Web\EastSeat.ResourceIdea.Web\EastSeat.ResourceIdea.Web.csproj", "{00697456-7B25-4D49-A4F3-DEA27CBA7A11}"
EndProject
Project("{FAE04EC0-301F-11D3-BF4B-00C04F79EFBC}") = "EastSeat.ResourceIdea.Application.UnitTests", "src\tests\EastSeat.ResourceIdea.Application.UnitTests\EastSeat.ResourceIdea.Application.UnitTests.csproj", "{716A3852-2EAE-4E63-80B4-F6AC2EF32B47}"
EndProject
Project("{FAE04EC0-301F-11D3-BF4B-00C04F79EFBC}") = "EastSeat.ResourceIdea.DataStore.UnitTests", "src\tests\EastSeat.ResourceIdea.DataStore.UnitTests\EastSeat.ResourceIdea.DataStore.UnitTests.csproj", "{9CDFFD31-D096-4DDA-A672-CE48FEF49BB2}"
EndProject
Global
	GlobalSection(SolutionConfigurationPlatforms) = preSolution
		Debug|Any CPU = Debug|Any CPU
		Release|Any CPU = Release|Any CPU
	EndGlobalSection
	GlobalSection(ProjectConfigurationPlatforms) = postSolution
		{A108CA08-BE86-4725-A062-F35AEFAD1ED0}.Debug|Any CPU.ActiveCfg = Debug|Any CPU
		{A108CA08-BE86-4725-A062-F35AEFAD1ED0}.Debug|Any CPU.Build.0 = Debug|Any CPU
		{A108CA08-BE86-4725-A062-F35AEFAD1ED0}.Release|Any CPU.ActiveCfg = Release|Any CPU
		{A108CA08-BE86-4725-A062-F35AEFAD1ED0}.Release|Any CPU.Build.0 = Release|Any CPU
		{1428C4AE-A4F3-436E-8560-AB1173CA743E}.Debug|Any CPU.ActiveCfg = Debug|Any CPU
		{1428C4AE-A4F3-436E-8560-AB1173CA743E}.Debug|Any CPU.Build.0 = Debug|Any CPU
		{1428C4AE-A4F3-436E-8560-AB1173CA743E}.Release|Any CPU.ActiveCfg = Release|Any CPU
		{1428C4AE-A4F3-436E-8560-AB1173CA743E}.Release|Any CPU.Build.0 = Release|Any CPU
		{39407174-7053-4E55-A462-D32AB67878C8}.Debug|Any CPU.ActiveCfg = Debug|Any CPU
		{39407174-7053-4E55-A462-D32AB67878C8}.Debug|Any CPU.Build.0 = Debug|Any CPU
		{39407174-7053-4E55-A462-D32AB67878C8}.Release|Any CPU.ActiveCfg = Release|Any CPU
		{39407174-7053-4E55-A462-D32AB67878C8}.Release|Any CPU.Build.0 = Release|Any CPU
		{AB91B3C8-8823-4E69-ADBA-833C1008BBA6}.Debug|Any CPU.ActiveCfg = Debug|Any CPU
		{AB91B3C8-8823-4E69-ADBA-833C1008BBA6}.Debug|Any CPU.Build.0 = Debug|Any CPU
		{AB91B3C8-8823-4E69-ADBA-833C1008BBA6}.Release|Any CPU.ActiveCfg = Release|Any CPU
		{AB91B3C8-8823-4E69-ADBA-833C1008BBA6}.Release|Any CPU.Build.0 = Release|Any CPU
		{00697456-7B25-4D49-A4F3-DEA27CBA7A11}.Debug|Any CPU.ActiveCfg = Debug|Any CPU
		{00697456-7B25-4D49-A4F3-DEA27CBA7A11}.Debug|Any CPU.Build.0 = Debug|Any CPU
		{00697456-7B25-4D49-A4F3-DEA27CBA7A11}.Release|Any CPU.ActiveCfg = Release|Any CPU
		{00697456-7B25-4D49-A4F3-DEA27CBA7A11}.Release|Any CPU.Build.0 = Release|Any CPU
		{716A3852-2EAE-4E63-80B4-F6AC2EF32B47}.Debug|Any CPU.ActiveCfg = Debug|Any CPU
		{716A3852-2EAE-4E63-80B4-F6AC2EF32B47}.Debug|Any CPU.Build.0 = Debug|Any CPU
		{716A3852-2EAE-4E63-80B4-F6AC2EF32B47}.Release|Any CPU.ActiveCfg = Release|Any CPU
		{716A3852-2EAE-4E63-80B4-F6AC2EF32B47}.Release|Any CPU.Build.0 = Release|Any CPU
		{9CDFFD31-D096-4DDA-A672-CE48FEF49BB2}.Debug|Any CPU.ActiveCfg = Debug|Any CPU
		{9CDFFD31-D096-4DDA-A672-CE48FEF49BB2}.Debug|Any CPU.Build.0 = Debug|Any CPU
		{9CDFFD31-D096-4DDA-A672-CE48FEF49BB2}.Release|Any CPU.ActiveCfg = Release|Any CPU
		{9CDFFD31-D096-4DDA-A672-CE48FEF49BB2}.Release|Any CPU.Build.0 = Release|Any CPU
	EndGlobalSection
	GlobalSection(SolutionProperties) = preSolution
		HideSolutionNode = FALSE
	EndGlobalSection
	GlobalSection(NestedProjects) = preSolution
		{BDDA5256-3631-41B4-83D8-400082D76CA4} = {31FB4B75-E0CB-42AB-84D9-3EF2FB38A9AE}
		{F1933A58-6710-4CCF-958E-0C93465093DE} = {BDDA5256-3631-41B4-83D8-400082D76CA4}
		{A108CA08-BE86-4725-A062-F35AEFAD1ED0} = {F1933A58-6710-4CCF-958E-0C93465093DE}
		{1428C4AE-A4F3-436E-8560-AB1173CA743E} = {F1933A58-6710-4CCF-958E-0C93465093DE}
		{31A313E8-C7C5-4526-A62B-93E49A8E117F} = {31FB4B75-E0CB-42AB-84D9-3EF2FB38A9AE}
		{39407174-7053-4E55-A462-D32AB67878C8} = {31A313E8-C7C5-4526-A62B-93E49A8E117F}
		{09639DF0-7E5B-4975-9160-D5C9B67E090E} = {BDDA5256-3631-41B4-83D8-400082D76CA4}
		{AB91B3C8-8823-4E69-ADBA-833C1008BBA6} = {09639DF0-7E5B-4975-9160-D5C9B67E090E}
		{815958C9-111B-4D2E-8BC1-A39EF3FD4A81} = {BDDA5256-3631-41B4-83D8-400082D76CA4}
		{00697456-7B25-4D49-A4F3-DEA27CBA7A11} = {815958C9-111B-4D2E-8BC1-A39EF3FD4A81}
		{716A3852-2EAE-4E63-80B4-F6AC2EF32B47} = {31A313E8-C7C5-4526-A62B-93E49A8E117F}
		{9CDFFD31-D096-4DDA-A672-CE48FEF49BB2} = {31A313E8-C7C5-4526-A62B-93E49A8E117F}
	EndGlobalSection
	GlobalSection(ExtensibilityGlobals) = postSolution
		SolutionGuid = {BD3ACFC7-CE2F-48BA-8F56-41B20B33F258}
	EndGlobalSection
EndGlobal
