
Microsoft Visual Studio Solution File, Format Version 12.00
# Visual Studio Version 17
VisualStudioVersion = 17.0.31903.59
MinimumVisualStudioVersion = 10.0.40219.1
Project("{2150E333-8FDC-42A3-9474-1A3956D46DE8}") = "src", "src", "{5358FB3A-FD90-49C8-BE06-60D7982B65AA}"
EndProject
Project("{2150E333-8FDC-42A3-9474-1A3956D46DE8}") = "dev", "dev", "{25C6BCC1-CA9F-43B0-8012-EB376296E8ED}"
EndProject
Project("{2150E333-8FDC-42A3-9474-1A3956D46DE8}") = "Core", "Core", "{0A19AD25-D65F-45E8-836E-B5326E80649E}"
EndProject
Project("{FAE04EC0-301F-11D3-BF4B-00C04F79EFBC}") = "EastSeat.ResourceIdea.Application", "src\dev\Core\EastSeat.ResourceIdea.Application\EastSeat.ResourceIdea.Application.csproj", "{EB8DF345-2519-4797-9DB7-F1BC89CBC89B}"
EndProject
Project("{FAE04EC0-301F-11D3-BF4B-00C04F79EFBC}") = "EastSeat.ResourceIdea.Domain", "src\dev\Core\EastSeat.ResourceIdea.Domain\EastSeat.ResourceIdea.Domain.csproj", "{458BA32A-436E-4340-A062-D66902F81985}"
EndProject
Project("{2150E333-8FDC-42A3-9474-1A3956D46DE8}") = "Infrastructure", "Infrastructure", "{86D8BAEA-09E2-477A-B9E2-16D158795B40}"
EndProject
Project("{FAE04EC0-301F-11D3-BF4B-00C04F79EFBC}") = "EastSeat.ResourceIdea.DataStore", "src\dev\Infrastructure\EastSeat.ResourceIdea.DataStore\EastSeat.ResourceIdea.DataStore.csproj", "{EF5593F2-EC51-4DAA-96C9-B81BA754AA13}"
EndProject
Project("{FAE04EC0-301F-11D3-BF4B-00C04F79EFBC}") = "EastSeat.ResourceIdea.Migration", "src\dev\Infrastructure\EastSeat.ResourceIdea.Migration\EastSeat.ResourceIdea.Migration.csproj", "{8DA0D29D-7C76-4EF3-968D-E3AE1EF33534}"
EndProject
Project("{2150E333-8FDC-42A3-9474-1A3956D46DE8}") = "Web", "Web", "{BBD9A612-A37F-4662-AD4B-5EB08B451D46}"
EndProject
Project("{FAE04EC0-301F-11D3-BF4B-00C04F79EFBC}") = "EastSeat.ResourceIdea.Web", "src\dev\Web\EastSeat.ResourceIdea.Web\EastSeat.ResourceIdea.Web.csproj", "{624B5265-0E67-45F4-9648-768E55C8E1AF}"
EndProject
Project("{2150E333-8FDC-42A3-9474-1A3956D46DE8}") = "tests", "tests", "{58FEE3BE-ED1A-4A0F-AD52-75AD21015148}"
EndProject
Project("{FAE04EC0-301F-11D3-BF4B-00C04F79EFBC}") = "EastSeat.ResourceIdea.Application.UnitTests", "src\tests\EastSeat.ResourceIdea.Application.UnitTests\EastSeat.ResourceIdea.Application.UnitTests.csproj", "{BBCE29AA-32D7-495B-8425-37A25A7729AB}"
EndProject
Project("{FAE04EC0-301F-11D3-BF4B-00C04F79EFBC}") = "EastSeat.ResourceIdea.DataStore.UnitTests", "src\tests\EastSeat.ResourceIdea.DataStore.UnitTests\EastSeat.ResourceIdea.DataStore.UnitTests.csproj", "{81F8119D-6BB7-40FB-8514-E994DA155897}"
EndProject
Project("{FAE04EC0-301F-11D3-BF4B-00C04F79EFBC}") = "EastSeat.ResourceIdea.Domain.UnitTests", "src\tests\EastSeat.ResourceIdea.Domain.UnitTests\EastSeat.ResourceIdea.Domain.UnitTests.csproj", "{6C18DD2D-CC56-4836-9F66-42675770A588}"
EndProject
Project("{FAE04EC0-301F-11D3-BF4B-00C04F79EFBC}") = "EastSeat.ResourceIdea.Web.UnitTests", "src\tests\EastSeat.ResourceIdea.Web.UnitTests\EastSeat.ResourceIdea.Web.UnitTests.csproj", "{E31C6A19-94F9-42D9-9525-377D87A9B74F}"
EndProject
Project("{FAE04EC0-301F-11D3-BF4B-00C04F79EFBC}") = "EastSeat.ResourceIdea.Web.E2ETests", "src\tests\EastSeat.ResourceIdea.Web.E2ETests\EastSeat.ResourceIdea.Web.E2ETests.csproj", "{F7EA0135-5E5F-46A5-9F1B-6D07FB3F8D53}"
EndProject
Global
	GlobalSection(SolutionConfigurationPlatforms) = preSolution
		Debug|Any CPU = Debug|Any CPU
		Release|Any CPU = Release|Any CPU
	EndGlobalSection
	GlobalSection(SolutionProperties) = preSolution
		HideSolutionNode = FALSE
	EndGlobalSection
	GlobalSection(ProjectConfigurationPlatforms) = postSolution
		{EB8DF345-2519-4797-9DB7-F1BC89CBC89B}.Debug|Any CPU.ActiveCfg = Debug|Any CPU
		{EB8DF345-2519-4797-9DB7-F1BC89CBC89B}.Debug|Any CPU.Build.0 = Debug|Any CPU
		{EB8DF345-2519-4797-9DB7-F1BC89CBC89B}.Release|Any CPU.ActiveCfg = Release|Any CPU
		{EB8DF345-2519-4797-9DB7-F1BC89CBC89B}.Release|Any CPU.Build.0 = Release|Any CPU
		{458BA32A-436E-4340-A062-D66902F81985}.Debug|Any CPU.ActiveCfg = Debug|Any CPU
		{458BA32A-436E-4340-A062-D66902F81985}.Debug|Any CPU.Build.0 = Debug|Any CPU
		{458BA32A-436E-4340-A062-D66902F81985}.Release|Any CPU.ActiveCfg = Release|Any CPU
		{458BA32A-436E-4340-A062-D66902F81985}.Release|Any CPU.Build.0 = Release|Any CPU
		{EF5593F2-EC51-4DAA-96C9-B81BA754AA13}.Debug|Any CPU.ActiveCfg = Debug|Any CPU
		{EF5593F2-EC51-4DAA-96C9-B81BA754AA13}.Debug|Any CPU.Build.0 = Debug|Any CPU
		{EF5593F2-EC51-4DAA-96C9-B81BA754AA13}.Release|Any CPU.ActiveCfg = Release|Any CPU
		{EF5593F2-EC51-4DAA-96C9-B81BA754AA13}.Release|Any CPU.Build.0 = Release|Any CPU
		{8DA0D29D-7C76-4EF3-968D-E3AE1EF33534}.Debug|Any CPU.ActiveCfg = Debug|Any CPU
		{8DA0D29D-7C76-4EF3-968D-E3AE1EF33534}.Debug|Any CPU.Build.0 = Debug|Any CPU
		{8DA0D29D-7C76-4EF3-968D-E3AE1EF33534}.Release|Any CPU.ActiveCfg = Release|Any CPU
		{8DA0D29D-7C76-4EF3-968D-E3AE1EF33534}.Release|Any CPU.Build.0 = Release|Any CPU
		{624B5265-0E67-45F4-9648-768E55C8E1AF}.Debug|Any CPU.ActiveCfg = Debug|Any CPU
		{624B5265-0E67-45F4-9648-768E55C8E1AF}.Debug|Any CPU.Build.0 = Debug|Any CPU
		{624B5265-0E67-45F4-9648-768E55C8E1AF}.Release|Any CPU.ActiveCfg = Release|Any CPU
		{624B5265-0E67-45F4-9648-768E55C8E1AF}.Release|Any CPU.Build.0 = Release|Any CPU
		{BBCE29AA-32D7-495B-8425-37A25A7729AB}.Debug|Any CPU.ActiveCfg = Debug|Any CPU
		{BBCE29AA-32D7-495B-8425-37A25A7729AB}.Debug|Any CPU.Build.0 = Debug|Any CPU
		{BBCE29AA-32D7-495B-8425-37A25A7729AB}.Release|Any CPU.ActiveCfg = Release|Any CPU
		{BBCE29AA-32D7-495B-8425-37A25A7729AB}.Release|Any CPU.Build.0 = Release|Any CPU
		{81F8119D-6BB7-40FB-8514-E994DA155897}.Debug|Any CPU.ActiveCfg = Debug|Any CPU
		{81F8119D-6BB7-40FB-8514-E994DA155897}.Debug|Any CPU.Build.0 = Debug|Any CPU
		{81F8119D-6BB7-40FB-8514-E994DA155897}.Release|Any CPU.ActiveCfg = Release|Any CPU
		{81F8119D-6BB7-40FB-8514-E994DA155897}.Release|Any CPU.Build.0 = Release|Any CPU
		{6C18DD2D-CC56-4836-9F66-42675770A588}.Debug|Any CPU.ActiveCfg = Debug|Any CPU
		{6C18DD2D-CC56-4836-9F66-42675770A588}.Debug|Any CPU.Build.0 = Debug|Any CPU
		{6C18DD2D-CC56-4836-9F66-42675770A588}.Release|Any CPU.ActiveCfg = Release|Any CPU
		{6C18DD2D-CC56-4836-9F66-42675770A588}.Release|Any CPU.Build.0 = Release|Any CPU
		{E31C6A19-94F9-42D9-9525-377D87A9B74F}.Debug|Any CPU.ActiveCfg = Debug|Any CPU
		{E31C6A19-94F9-42D9-9525-377D87A9B74F}.Debug|Any CPU.Build.0 = Debug|Any CPU
		{E31C6A19-94F9-42D9-9525-377D87A9B74F}.Release|Any CPU.ActiveCfg = Release|Any CPU
		{E31C6A19-94F9-42D9-9525-377D87A9B74F}.Release|Any CPU.Build.0 = Release|Any CPU
		{F7EA0135-5E5F-46A5-9F1B-6D07FB3F8D53}.Debug|Any CPU.ActiveCfg = Debug|Any CPU
		{F7EA0135-5E5F-46A5-9F1B-6D07FB3F8D53}.Debug|Any CPU.Build.0 = Debug|Any CPU
		{F7EA0135-5E5F-46A5-9F1B-6D07FB3F8D53}.Release|Any CPU.ActiveCfg = Release|Any CPU
		{F7EA0135-5E5F-46A5-9F1B-6D07FB3F8D53}.Release|Any CPU.Build.0 = Release|Any CPU
	EndGlobalSection
	GlobalSection(NestedProjects) = preSolution
		{25C6BCC1-CA9F-43B0-8012-EB376296E8ED} = {5358FB3A-FD90-49C8-BE06-60D7982B65AA}
		{0A19AD25-D65F-45E8-836E-B5326E80649E} = {25C6BCC1-CA9F-43B0-8012-EB376296E8ED}
		{EB8DF345-2519-4797-9DB7-F1BC89CBC89B} = {0A19AD25-D65F-45E8-836E-B5326E80649E}
		{458BA32A-436E-4340-A062-D66902F81985} = {0A19AD25-D65F-45E8-836E-B5326E80649E}
		{86D8BAEA-09E2-477A-B9E2-16D158795B40} = {25C6BCC1-CA9F-43B0-8012-EB376296E8ED}
		{EF5593F2-EC51-4DAA-96C9-B81BA754AA13} = {86D8BAEA-09E2-477A-B9E2-16D158795B40}
		{8DA0D29D-7C76-4EF3-968D-E3AE1EF33534} = {86D8BAEA-09E2-477A-B9E2-16D158795B40}
		{BBD9A612-A37F-4662-AD4B-5EB08B451D46} = {25C6BCC1-CA9F-43B0-8012-EB376296E8ED}
		{624B5265-0E67-45F4-9648-768E55C8E1AF} = {BBD9A612-A37F-4662-AD4B-5EB08B451D46}
		{58FEE3BE-ED1A-4A0F-AD52-75AD21015148} = {5358FB3A-FD90-49C8-BE06-60D7982B65AA}
		{BBCE29AA-32D7-495B-8425-37A25A7729AB} = {58FEE3BE-ED1A-4A0F-AD52-75AD21015148}
		{81F8119D-6BB7-40FB-8514-E994DA155897} = {58FEE3BE-ED1A-4A0F-AD52-75AD21015148}
		{6C18DD2D-CC56-4836-9F66-42675770A588} = {58FEE3BE-ED1A-4A0F-AD52-75AD21015148}
		{E31C6A19-94F9-42D9-9525-377D87A9B74F} = {58FEE3BE-ED1A-4A0F-AD52-75AD21015148}
		{F7EA0135-5E5F-46A5-9F1B-6D07FB3F8D53} = {58FEE3BE-ED1A-4A0F-AD52-75AD21015148}
	EndGlobalSection
EndGlobal
