
Microsoft Visual Studio Solution File, Format Version 12.00
# Visual Studio Version 16
VisualStudioVersion = 16.0.30611.23
MinimumVisualStudioVersion = 10.0.40219.1
Project("{FAE04EC0-301F-11D3-BF4B-00C04F79EFBC}") = "ResourceIdeaUI", "ResourceIdeaUI\ResourceIdeaUI.csproj", "{C5E4F07A-BD81-4597-83D1-7B9FB201B69B}"
EndProject
Project("{FAE04EC0-301F-11D3-BF4B-00C04F79EFBC}") = "ResourceIdea.Shared", "ResourceIdea.Shared\ResourceIdea.Shared.csproj", "{3B7AAF0E-F5DF-4138-AB8A-2DA5141A3426}"
EndProject
Global
	GlobalSection(SolutionConfigurationPlatforms) = preSolution
		Debug|Any CPU = Debug|Any CPU
		Release|Any CPU = Release|Any CPU
	EndGlobalSection
	GlobalSection(ProjectConfigurationPlatforms) = postSolution
		{C5E4F07A-BD81-4597-83D1-7B9FB201B69B}.Debug|Any CPU.ActiveCfg = Debug|Any CPU
		{C5E4F07A-BD81-4597-83D1-7B9FB201B69B}.Debug|Any CPU.Build.0 = Debug|Any CPU
		{C5E4F07A-BD81-4597-83D1-7B9FB201B69B}.Release|Any CPU.ActiveCfg = Release|Any CPU
		{C5E4F07A-BD81-4597-83D1-7B9FB201B69B}.Release|Any CPU.Build.0 = Release|Any CPU
		{3B7AAF0E-F5DF-4138-AB8A-2DA5141A3426}.Debug|Any CPU.ActiveCfg = Debug|Any CPU
		{3B7AAF0E-F5DF-4138-AB8A-2DA5141A3426}.Debug|Any CPU.Build.0 = Debug|Any CPU
		{3B7AAF0E-F5DF-4138-AB8A-2DA5141A3426}.Release|Any CPU.ActiveCfg = Release|Any CPU
		{3B7AAF0E-F5DF-4138-AB8A-2DA5141A3426}.Release|Any CPU.Build.0 = Release|Any CPU
	EndGlobalSection
	GlobalSection(SolutionProperties) = preSolution
		HideSolutionNode = FALSE
	EndGlobalSection
	GlobalSection(ExtensibilityGlobals) = postSolution
		SolutionGuid = {C21ED969-866A-4BC5-B39A-33FF4B35CD71}
	EndGlobalSection
EndGlobal
