
Microsoft Visual Studio Solution File, Format Version 12.00
# Visual Studio Version 16
VisualStudioVersion = 16.0.30611.23
MinimumVisualStudioVersion = 10.0.40219.1
Project("{9A19103F-16F7-4668-BE54-9A1E7A4F7556}") = "Client", "Client\Client.csproj", "{634205BF-D0F6-45CD-9128-DF557188F1C5}"
EndProject
Project("{9A19103F-16F7-4668-BE54-9A1E7A4F7556}") = "Api", "Api\Api.csproj", "{6D4042E3-1A71-4446-9510-CCCC57910E15}"
EndProject
Global
	GlobalSection(SolutionConfigurationPlatforms) = preSolution
		Debug|Any CPU = Debug|Any CPU
		Release|Any CPU = Release|Any CPU
	EndGlobalSection
	GlobalSection(ProjectConfigurationPlatforms) = postSolution
		{634205BF-D0F6-45CD-9128-DF557188F1C5}.Debug|Any CPU.ActiveCfg = Debug|Any CPU
		{634205BF-D0F6-45CD-9128-DF557188F1C5}.Debug|Any CPU.Build.0 = Debug|Any CPU
		{634205BF-D0F6-45CD-9128-DF557188F1C5}.Release|Any CPU.ActiveCfg = Release|Any CPU
		{634205BF-D0F6-45CD-9128-DF557188F1C5}.Release|Any CPU.Build.0 = Release|Any CPU
		{6D4042E3-1A71-4446-9510-CCCC57910E15}.Debug|Any CPU.ActiveCfg = Debug|Any CPU
		{6D4042E3-1A71-4446-9510-CCCC57910E15}.Debug|Any CPU.Build.0 = Debug|Any CPU
		{6D4042E3-1A71-4446-9510-CCCC57910E15}.Release|Any CPU.ActiveCfg = Release|Any CPU
		{6D4042E3-1A71-4446-9510-CCCC57910E15}.Release|Any CPU.Build.0 = Release|Any CPU
	EndGlobalSection
	GlobalSection(SolutionProperties) = preSolution
		HideSolutionNode = FALSE
	EndGlobalSection
	GlobalSection(ExtensibilityGlobals) = postSolution
		SolutionGuid = {C21ED969-866A-4BC5-B39A-33FF4B35CD71}
	EndGlobalSection
EndGlobal
